
Microsoft Visual Studio Solution File, Format Version 12.00
# Visual Studio Version 16
VisualStudioVersion = 16.0.30218.91
MinimumVisualStudioVersion = 10.0.40219.1
Project("{FAE04EC0-301F-11D3-BF4B-00C04F79EFBC}") = "sample_csharp_desktopapp_unittest", "sample_csharp_desktopapp_unittest\sample_csharp_desktopapp_unittest.csproj", "{740A7F77-B6F1-4E0C-A593-FB456D0BE1B7}"
EndProject
Project("{FAE04EC0-301F-11D3-BF4B-00C04F79EFBC}") = "UT_sample_csharp_desktopapp_unittest", "UT_sample_csharp_desktopapp_unittest\UT_sample_csharp_desktopapp_unittest.csproj", "{B73D6492-A165-4030-8059-1E4A3B7027DF}"
EndProject
Global
	GlobalSection(SolutionConfigurationPlatforms) = preSolution
		Debug|Any CPU = Debug|Any CPU
		Release|Any CPU = Release|Any CPU
	EndGlobalSection
	GlobalSection(ProjectConfigurationPlatforms) = postSolution
		{740A7F77-B6F1-4E0C-A593-FB456D0BE1B7}.Debug|Any CPU.ActiveCfg = Debug|Any CPU
		{740A7F77-B6F1-4E0C-A593-FB456D0BE1B7}.Debug|Any CPU.Build.0 = Debug|Any CPU
		{740A7F77-B6F1-4E0C-A593-FB456D0BE1B7}.Release|Any CPU.ActiveCfg = Release|Any CPU
		{740A7F77-B6F1-4E0C-A593-FB456D0BE1B7}.Release|Any CPU.Build.0 = Release|Any CPU
		{B73D6492-A165-4030-8059-1E4A3B7027DF}.Debug|Any CPU.ActiveCfg = Debug|Any CPU
		{B73D6492-A165-4030-8059-1E4A3B7027DF}.Debug|Any CPU.Build.0 = Debug|Any CPU
		{B73D6492-A165-4030-8059-1E4A3B7027DF}.Release|Any CPU.ActiveCfg = Release|Any CPU
		{B73D6492-A165-4030-8059-1E4A3B7027DF}.Release|Any CPU.Build.0 = Release|Any CPU
	EndGlobalSection
	GlobalSection(SolutionProperties) = preSolution
		HideSolutionNode = FALSE
	EndGlobalSection
	GlobalSection(ExtensibilityGlobals) = postSolution
		SolutionGuid = {C76F7D4C-0AC0-45F8-B99F-49D37F1FBFD9}
	EndGlobalSection
EndGlobal
